hash: bb8ad21dd5b4b0ba84d32ec2963d2309057af261a1b084ef15036f80efd87f87
updated: 2018-03-20T15:25:10.598475-04:00
imports:
- name: github.com/go-resty/resty
  version: 65798e030a35b911602b4d1d743d6f50ac93b665
- name: github.com/gorilla/context
  version: 08b5f424b9271eedf6f9f0ce86cb9396ed337a42
- name: github.com/gorilla/mux
  version: 53c1911da2b537f792e7cafcb446b05ffe33b996
- name: github.com/satori/go.uuid
  version: f58768cc1a7a7e77a3bd49e98cdd21419399b6a3
- name: golang.org/x/net
  version: 2fb46b16b8dda405028c50f7c7f0f9dd1fa6bfb1
  subpackages:
  - publicsuffix
testImports: []
